{
    "ocramius/proxy-manager": {
        "version": "2.2.3"
    },
    "symfony/http-client-contracts": {
        "version": "v2.4.0"
    },
    "symfony/polyfill-intl-grapheme": {
        "version": "v1.22.1"
    },
    "symfony/string": {
        "version": "v5.2.8"
    },
    "zendframework/zend-code": {
        "version": "3.4.1"
    },
    "zendframework/zend-eventmanager": {
        "version": "3.2.1"
    }
}
